{
  "name": "ngx-infinite-viewer",
  "version": "0.14.2",
  "lockfileVersion": 2,
  "requires": true,
  "packages": {
    "": {
      "name": "ngx-infinite-viewer",
      "version": "0.14.2",
      "license": "MIT",
      "dependencies": {
        "infinite-viewer": "~0.15.2"
      },
      "peerDependencies": {
        "@angular/common": "^8.2.14",
        "@angular/core": "^8.2.14"
      }
    },
    "node_modules/@angular/common": {
      "version": "8.2.14",
      "resolved": "https://registry.npmjs.org/@angular/common/-/common-8.2.14.tgz",
      "integrity": "sha512-Qmt+aX2quUW54kaNT7QH7WGXnFxr/cC2C6sf5SW5SdkZfDQSiz8IaItvieZfXVQUbBOQKFRJ7TlSkt0jI/yjvw==",
      "peer": true,
      "dependencies": {
        "tslib": "^1.9.0"
      },
      "peerDependencies": {
        "@angular/core": "8.2.14",
        "rxjs": "^6.4.0"
      }
    },
    "node_modules/@angular/core": {
      "version": "8.2.14",
      "resolved": "https://registry.npmjs.org/@angular/core/-/core-8.2.14.tgz",
      "integrity": "sha512-zeePkigi+hPh3rN7yoNENG/YUBUsIvUXdxx+AZq+QPaFeKEA2FBSrKn36ojHFrdJUjKzl0lPMEiGC2b6a6bo6g==",
      "peer": true,
      "dependencies": {
        "tslib": "^1.9.0"
      },
      "peerDependencies": {
        "rxjs": "^6.4.0",
        "zone.js": "~0.9.1"
      }
    },
    "node_modules/@daybrush/utils": {
      "version": "1.7.1",
      "resolved": "https://registry.npmjs.org/@daybrush/utils/-/utils-1.7.1.tgz",
      "integrity": "sha512-ruVDIfXeVAF4s0RxJoNx5hTjxlIRMnKoJ7N5e2m9eDyluIXB12EvhMPQdoq4a/ohJ+cPgj2MiWS5Lvmpsrx8Gg=="
    },
    "node_modules/@egjs/agent": {
      "version": "2.3.0",
      "resolved": "https://registry.npmjs.org/@egjs/agent/-/agent-2.3.0.tgz",
      "integrity": "sha512-ENhwkOW6rnYW8IuXJwvECIAzj7nMxq+ctB8uCJ+mKnoKK8tGiv3YXtN6nuaOov2YmXdRdwafSz9rhgRNXswX/A=="
    },
    "node_modules/@scena/event-emitter": {
      "version": "1.0.5",
      "resolved": "https://registry.npmjs.org/@scena/event-emitter/-/event-emitter-1.0.5.tgz",
      "integrity": "sha512-AzY4OTb0+7ynefmWFQ6hxDdk0CySAq/D4efljfhtRHCOP7MBF9zUfhKG3TJiroVjASqVgkRJFdenS8ArZo6Olg==",
      "dependencies": {
        "@daybrush/utils": "^1.1.1"
      }
    },
    "node_modules/css-styled": {
      "version": "1.0.0",
      "resolved": "https://registry.npmjs.org/css-styled/-/css-styled-1.0.0.tgz",
      "integrity": "sha512-lDdPvM2/djv+La110zVY3RGQ7X4OOlzLS+IEjRcn8UlUmJd1+GNcGfDFmsKWwnLBupsY1w0QM1gRgV4RdcCjfw==",
      "dependencies": {
        "@daybrush/utils": "^1.0.0",
        "string-hash": "^1.1.3"
      },
      "peerDependencies": {
        "@daybrush/utils": ">=1.0.0"
      }
    },
    "node_modules/framework-utils": {
      "version": "1.1.0",
      "resolved": "https://registry.npmjs.org/framework-utils/-/framework-utils-1.1.0.tgz",
      "integrity": "sha512-KAfqli5PwpFJ8o3psRNs8svpMGyCSAe8nmGcjQ0zZBWN2H6dZDnq+ABp3N3hdUmFeMrLtjOCTXD4yplUJIWceg=="
    },
    "node_modules/gesto": {
      "version": "1.10.0",
      "resolved": "https://registry.npmjs.org/gesto/-/gesto-1.10.0.tgz",
      "integrity": "sha512-g/Cxpx0FiLZBKjxYjvuaEOspCCyzREn02/eHyf0HrkRF2vqQtotTnn5rH21CeucVrXjBsXw2Of0SKgV92kbHPA==",
      "dependencies": {
        "@daybrush/utils": "^1.0.0",
        "@scena/event-emitter": "^1.0.2"
      }
    },
    "node_modules/infinite-viewer": {
      "version": "0.15.2",
      "resolved": "https://registry.npmjs.org/infinite-viewer/-/infinite-viewer-0.15.2.tgz",
      "integrity": "sha512-u3OPu8bP8sWoaXsWgC5ItgyYSbO4/hSkfa4zXTvs8C4PTTmxY7m0ZCg9dCDi7Q4RWD1vyi7A17wOMxAKnv/5lA==",
      "dependencies": {
        "@daybrush/utils": "^1.7.1",
        "@egjs/agent": "^2.2.1",
        "@scena/event-emitter": "^1.0.5",
        "css-styled": "^1.0.0",
        "framework-utils": "^1.1.0",
        "gesto": "^1.10.0"
      }
    },
    "node_modules/rxjs": {
      "version": "6.6.7",
      "resolved": "https://registry.npmjs.org/rxjs/-/rxjs-6.6.7.tgz",
      "integrity": "sha512-hTdwr+7yYNIT5n4AMYp85KA6yw2Va0FLa3Rguvbpa4W3I5xynaBZo41cM3XM+4Q6fRMj3sBYIR1VAmZMXYJvRQ==",
      "peer": true,
      "dependencies": {
        "tslib": "^1.9.0"
      },
      "engines": {
        "npm": ">=2.0.0"
      }
    },
    "node_modules/string-hash": {
      "version": "1.1.3",
      "resolved": "https://registry.npmjs.org/string-hash/-/string-hash-1.1.3.tgz",
      "integrity": "sha1-6Kr8CsGFW0Zmkp7X3RJ1311sgRs="
    },
    "node_modules/tslib": {
      "version": "1.14.1",
      "resolved": "https://registry.npmjs.org/tslib/-/tslib-1.14.1.tgz",
      "integrity": "sha512-Xni35NKzjgMrwevysHTCArtLDpPvye8zV/0E4EyYn43P7/7qvQwPh9BGkHewbMulVntbigmcT7rdX3BNo9wRJg==",
      "peer": true
    },
    "node_modules/zone.js": {
      "version": "0.9.1",
      "resolved": "https://registry.npmjs.org/zone.js/-/zone.js-0.9.1.tgz",
      "integrity": "sha512-GkPiJL8jifSrKReKaTZ5jkhrMEgXbXYC+IPo1iquBjayRa0q86w3Dipjn8b415jpitMExe9lV8iTsv8tk3DGag==",
      "peer": true
    }
  },
  "dependencies": {
    "@angular/common": {
      "version": "8.2.14",
      "resolved": "https://registry.npmjs.org/@angular/common/-/common-8.2.14.tgz",
      "integrity": "sha512-Qmt+aX2quUW54kaNT7QH7WGXnFxr/cC2C6sf5SW5SdkZfDQSiz8IaItvieZfXVQUbBOQKFRJ7TlSkt0jI/yjvw==",
      "peer": true,
      "requires": {
        "tslib": "^1.9.0"
      }
    },
    "@angular/core": {
      "version": "8.2.14",
      "resolved": "https://registry.npmjs.org/@angular/core/-/core-8.2.14.tgz",
      "integrity": "sha512-zeePkigi+hPh3rN7yoNENG/YUBUsIvUXdxx+AZq+QPaFeKEA2FBSrKn36ojHFrdJUjKzl0lPMEiGC2b6a6bo6g==",
      "peer": true,
      "requires": {
        "tslib": "^1.9.0"
      }
    },
    "@daybrush/utils": {
      "version": "1.7.1",
      "resolved": "https://registry.npmjs.org/@daybrush/utils/-/utils-1.7.1.tgz",
      "integrity": "sha512-ruVDIfXeVAF4s0RxJoNx5hTjxlIRMnKoJ7N5e2m9eDyluIXB12EvhMPQdoq4a/ohJ+cPgj2MiWS5Lvmpsrx8Gg=="
    },
    "@egjs/agent": {
      "version": "2.3.0",
      "resolved": "https://registry.npmjs.org/@egjs/agent/-/agent-2.3.0.tgz",
      "integrity": "sha512-ENhwkOW6rnYW8IuXJwvECIAzj7nMxq+ctB8uCJ+mKnoKK8tGiv3YXtN6nuaOov2YmXdRdwafSz9rhgRNXswX/A=="
    },
    "@scena/event-emitter": {
      "version": "1.0.5",
      "resolved": "https://registry.npmjs.org/@scena/event-emitter/-/event-emitter-1.0.5.tgz",
      "integrity": "sha512-AzY4OTb0+7ynefmWFQ6hxDdk0CySAq/D4efljfhtRHCOP7MBF9zUfhKG3TJiroVjASqVgkRJFdenS8ArZo6Olg==",
      "requires": {
        "@daybrush/utils": "^1.1.1"
      }
    },
    "css-styled": {
      "version": "1.0.0",
      "resolved": "https://registry.npmjs.org/css-styled/-/css-styled-1.0.0.tgz",
      "integrity": "sha512-lDdPvM2/djv+La110zVY3RGQ7X4OOlzLS+IEjRcn8UlUmJd1+GNcGfDFmsKWwnLBupsY1w0QM1gRgV4RdcCjfw==",
      "requires": {
        "@daybrush/utils": "^1.0.0",
        "string-hash": "^1.1.3"
      }
    },
    "framework-utils": {
      "version": "1.1.0",
      "resolved": "https://registry.npmjs.org/framework-utils/-/framework-utils-1.1.0.tgz",
      "integrity": "sha512-KAfqli5PwpFJ8o3psRNs8svpMGyCSAe8nmGcjQ0zZBWN2H6dZDnq+ABp3N3hdUmFeMrLtjOCTXD4yplUJIWceg=="
    },
    "gesto": {
      "version": "1.10.0",
      "resolved": "https://registry.npmjs.org/gesto/-/gesto-1.10.0.tgz",
      "integrity": "sha512-g/Cxpx0FiLZBKjxYjvuaEOspCCyzREn02/eHyf0HrkRF2vqQtotTnn5rH21CeucVrXjBsXw2Of0SKgV92kbHPA==",
      "requires": {
        "@daybrush/utils": "^1.0.0",
        "@scena/event-emitter": "^1.0.2"
      }
    },
    "infinite-viewer": {
      "version": "0.15.2",
      "resolved": "https://registry.npmjs.org/infinite-viewer/-/infinite-viewer-0.15.2.tgz",
      "integrity": "sha512-u3OPu8bP8sWoaXsWgC5ItgyYSbO4/hSkfa4zXTvs8C4PTTmxY7m0ZCg9dCDi7Q4RWD1vyi7A17wOMxAKnv/5lA==",
      "requires": {
        "@daybrush/utils": "^1.7.1",
        "@egjs/agent": "^2.2.1",
        "@scena/event-emitter": "^1.0.5",
        "css-styled": "^1.0.0",
        "framework-utils": "^1.1.0",
        "gesto": "^1.10.0"
      }
    },
    "rxjs": {
      "version": "6.6.7",
      "resolved": "https://registry.npmjs.org/rxjs/-/rxjs-6.6.7.tgz",
      "integrity": "sha512-hTdwr+7yYNIT5n4AMYp85KA6yw2Va0FLa3Rguvbpa4W3I5xynaBZo41cM3XM+4Q6fRMj3sBYIR1VAmZMXYJvRQ==",
      "peer": true,
      "requires": {
        "tslib": "^1.9.0"
      }
    },
    "string-hash": {
      "version": "1.1.3",
      "resolved": "https://registry.npmjs.org/string-hash/-/string-hash-1.1.3.tgz",
      "integrity": "sha1-6Kr8CsGFW0Zmkp7X3RJ1311sgRs="
    },
    "tslib": {
      "version": "1.14.1",
      "resolved": "https://registry.npmjs.org/tslib/-/tslib-1.14.1.tgz",
      "integrity": "sha512-Xni35NKzjgMrwevysHTCArtLDpPvye8zV/0E4EyYn43P7/7qvQwPh9BGkHewbMulVntbigmcT7rdX3BNo9wRJg==",
      "peer": true
    },
    "zone.js": {
      "version": "0.9.1",
      "resolved": "https://registry.npmjs.org/zone.js/-/zone.js-0.9.1.tgz",
      "integrity": "sha512-GkPiJL8jifSrKReKaTZ5jkhrMEgXbXYC+IPo1iquBjayRa0q86w3Dipjn8b415jpitMExe9lV8iTsv8tk3DGag==",
      "peer": true
    }
  }
}
