{
  "name": "ngx-infinite-viewer",
  "version": "0.5.0",
  "lockfileVersion": 1,
  "requires": true,
  "dependencies": {
    "@daybrush/drag": {
      "version": "0.19.1",
      "resolved": "https://registry.npmjs.org/@daybrush/drag/-/drag-0.19.1.tgz",
      "integrity": "sha512-gdS+j+4pnT7ktaIWSAiJmawilWTBsfQUJEkRjUkJWj26k5YAf5ErgPQAdYzStEscHtZlVbfIcvy5IOCr9id93A==",
      "requires": {
        "@daybrush/utils": "^0.10.3"
      }
    },
    "@daybrush/utils": {
      "version": "0.10.5",
      "resolved": "https://registry.npmjs.org/@daybrush/utils/-/utils-0.10.5.tgz",
      "integrity": "sha512-VCPbgJgImkUmGHX33drZJh/5FYBhfSM+EFqlBY7fzKIahBGEemjYfninVSp9BdzqF9P2MyCh7R3hgxmySXLEzg=="
    },
    "@egjs/component": {
      "version": "2.1.2",
      "resolved": "https://registry.npmjs.org/@egjs/component/-/component-2.1.2.tgz",
      "integrity": "sha512-7tnPiqxbSZ0porzlm0+/O3qZdanMj0zOq0sb17wQXuaRG49XKKKJaO+SacGnZDqf308N5hzJ0m9fZ4+j+VBvXA=="
    },
    "css-styled": {
      "version": "0.2.1",
      "resolved": "https://registry.npmjs.org/css-styled/-/css-styled-0.2.1.tgz",
      "integrity": "sha512-g/mR31b/milWIh3ThoraDuma4dtJmNrcbIfegFOpR5vafKye+AxpABg/72UU9rZS9gpJJcsqoqgBg5FSCcKYzQ==",
      "requires": {
        "@daybrush/utils": "^0.10.1",
        "string-hash": "^1.1.3"
      }
    },
    "framework-utils": {
      "version": "0.3.4",
      "resolved": "https://registry.npmjs.org/framework-utils/-/framework-utils-0.3.4.tgz",
      "integrity": "sha512-Psekd+sXiHxtjLvK6aqi7vw6sQpShfBQSYlLkxCyhVzpmeTdxv1lCq8BGx++Mm5yw+MUn5IA4WKNO6LZFtOe2Q=="
    },
    "infinite-viewer": {
      "version": "0.6.0",
      "resolved": "https://registry.npmjs.org/infinite-viewer/-/infinite-viewer-0.6.0.tgz",
      "integrity": "sha512-8ke9RlF36CfHI6Gx+nPhqUdkhsUCVungmtYR6t/H6Q0mCUhIKvNKS4PIdAqRUDt3e6WPOYPfKG/KOPmBgWYKjw==",
      "requires": {
        "@daybrush/drag": "^0.19.1",
        "@daybrush/utils": "^0.10.5",
        "@egjs/component": "^2.1.2",
        "css-styled": "^0.2.1",
        "framework-utils": "^0.3.4"
      }
    },
    "string-hash": {
      "version": "1.1.3",
      "resolved": "https://registry.npmjs.org/string-hash/-/string-hash-1.1.3.tgz",
      "integrity": "sha1-6Kr8CsGFW0Zmkp7X3RJ1311sgRs="
    }
  }
}
