{
  "name": "ngx-infinite-viewer",
  "version": "0.2.0",
  "lockfileVersion": 1,
  "requires": true,
  "dependencies": {
    "@daybrush/drag": {
      "version": "0.14.0",
      "resolved": "https://registry.npmjs.org/@daybrush/drag/-/drag-0.14.0.tgz",
      "integrity": "sha512-AVVFLfGOosSR2LrgxyRKg8FRSATaa5sDFZlTQ9YgKy/F5etg2v/IO8kdcpIKD6FDZ74kT5hdjG0JJf+9YcIWfQ==",
      "requires": {
        "@daybrush/utils": "^0.10.3"
      }
    },
    "@daybrush/utils": {
      "version": "0.10.3",
      "resolved": "https://registry.npmjs.org/@daybrush/utils/-/utils-0.10.3.tgz",
      "integrity": "sha512-CwbGNct2loskTaSJ/OSmapOhdNfDHI71cApPQSPs5MXbfUb33u2JHNkL6sUJpv0VVpsO+s+3UPpGDS2KCAyEKQ=="
    },
    "@egjs/component": {
      "version": "2.1.2",
      "resolved": "https://registry.npmjs.org/@egjs/component/-/component-2.1.2.tgz",
      "integrity": "sha512-7tnPiqxbSZ0porzlm0+/O3qZdanMj0zOq0sb17wQXuaRG49XKKKJaO+SacGnZDqf308N5hzJ0m9fZ4+j+VBvXA=="
    },
    "css-styled": {
      "version": "0.1.7",
      "resolved": "https://registry.npmjs.org/css-styled/-/css-styled-0.1.7.tgz",
      "integrity": "sha512-ypbwCHOxYG0N7cbH2IPH6uZrWi8WqFBkUxPWeT/gtYL4uE+3Te7AsQISsnzeQbOR+/DleziQBQCm6zZsbht/Ig==",
      "requires": {
        "@daybrush/utils": "^0.10.1",
        "string-hash": "^1.1.3"
      }
    },
    "framework-utils": {
      "version": "0.3.4",
      "resolved": "https://registry.npmjs.org/framework-utils/-/framework-utils-0.3.4.tgz",
      "integrity": "sha512-Psekd+sXiHxtjLvK6aqi7vw6sQpShfBQSYlLkxCyhVzpmeTdxv1lCq8BGx++Mm5yw+MUn5IA4WKNO6LZFtOe2Q=="
    },
    "infinite-viewer": {
      "version": "0.3.0",
      "resolved": "https://registry.npmjs.org/infinite-viewer/-/infinite-viewer-0.3.0.tgz",
      "integrity": "sha512-YqXMLDvpbJrRWdiPwPE55MZzn73vy9+C8zoPGo/3hhhnfVAr7i05/Yd1u5u11jLslK+F5nsO1XB/0nV4t38I0A==",
      "requires": {
        "@daybrush/drag": "^0.14.0",
        "@daybrush/utils": "^0.10.3",
        "@egjs/component": "^2.1.2",
        "css-styled": "^0.1.7",
        "framework-utils": "^0.3.4"
      }
    },
    "string-hash": {
      "version": "1.1.3",
      "resolved": "https://registry.npmjs.org/string-hash/-/string-hash-1.1.3.tgz",
      "integrity": "sha1-6Kr8CsGFW0Zmkp7X3RJ1311sgRs="
    }
  }
}
